// !$*UTF8*$!
{
	archiveVersion = 1;
	classes = {
	};
	objectVersion = 50;
	objects = {

/* Begin PBXBuildFile section */
		B00432FD26EF7C9C00AEAFE2 /* AppDelegate.swift in Sources */ = {isa = PBXBuildFile; fileRef = B00432FC26EF7C9C00AEAFE2 /* AppDelegate.swift */; };
		B00432FF26EF7C9C00AEAFE2 /* SceneDelegate.swift in Sources */ = {isa = PBXBuildFile; fileRef = B00432FE26EF7C9C00AEAFE2 /* SceneDelegate.swift */; };
		B004330126EF7C9C00AEAFE2 /* ViewController.swift in Sources */ = {isa = PBXBuildFile; fileRef = B004330026EF7C9C00AEAFE2 /* ViewController.swift */; };
		B004330426EF7C9C00AEAFE2 /* Main.storyboard in Resources */ = {isa = PBXBuildFile; fileRef = B004330226EF7C9C00AEAFE2 /* Main.storyboard */; };
		B004330726EF7C9C00AEAFE2 /* MyMemory.xcdatamodeld in Sources */ = {isa = PBXBuildFile; fileRef = B004330526EF7C9C00AEAFE2 /* MyMemory.xcdatamodeld */; };
		B004330926EF7C9D00AEAFE2 /* Assets.xcassets in Resources */ = {isa = PBXBuildFile; fileRef = B004330826EF7C9D00AEAFE2 /* Assets.xcassets */; };
		B004330C26EF7C9D00AEAFE2 /* LaunchScreen.storyboard in Resources */ = {isa = PBXBuildFile; fileRef = B004330A26EF7C9D00AEAFE2 /* LaunchScreen.storyboard */; };
		B004331426EF81EF00AEAFE2 /* MemoListVC.swift in Sources */ = {isa = PBXBuildFile; fileRef = B004331326EF81EF00AEAFE2 /* MemoListVC.swift */; };
		B004331626EF820700AEAFE2 /* MemoFormVC.swift in Sources */ = {isa = PBXBuildFile; fileRef = B004331526EF820700AEAFE2 /* MemoFormVC.swift */; };
		B004331826EF821200AEAFE2 /* MemoReadVC.swift in Sources */ = {isa = PBXBuildFile; fileRef = B004331726EF821200AEAFE2 /* MemoReadVC.swift */; };
		B004331A26EF824000AEAFE2 /* MemoCell.swift in Sources */ = {isa = PBXBuildFile; fileRef = B004331926EF824000AEAFE2 /* MemoCell.swift */; };
		B004331C26EF826700AEAFE2 /* MemoData.swift in Sources */ = {isa = PBXBuildFile; fileRef = B004331B26EF826700AEAFE2 /* MemoData.swift */; };
		B004331E26F0DF4A00AEAFE2 /* CSLogButton.swift in Sources */ = {isa = PBXBuildFile; fileRef = B004331D26F0DF4900AEAFE2 /* CSLogButton.swift */; };
		B004332326F0E27600AEAFE2 /* fountainpen@2x.png in Resources */ = {isa = PBXBuildFile; fileRef = B004332226F0E27600AEAFE2 /* fountainpen@2x.png */; };
		B04812D526F4A82B007A1006 /* UserInfoManager.swift in Sources */ = {isa = PBXBuildFile; fileRef = B04812D426F4A82B007A1006 /* UserInfoManager.swift */; };
		B04812D726F4BC59007A1006 /* Tutorial.storyboard in Resources */ = {isa = PBXBuildFile; fileRef = B04812D626F4BC59007A1006 /* Tutorial.storyboard */; };
		B04812D926F4BF96007A1006 /* Utils.swift in Sources */ = {isa = PBXBuildFile; fileRef = B04812D826F4BF96007A1006 /* Utils.swift */; };
		B04812DB26F4C03A007A1006 /* TutorialContentsVC.swift in Sources */ = {isa = PBXBuildFile; fileRef = B04812DA26F4C03A007A1006 /* TutorialContentsVC.swift */; };
		B04812DE26F4C1A9007A1006 /* TutorialMasterVC.swift in Sources */ = {isa = PBXBuildFile; fileRef = B04812DD26F4C1A9007A1006 /* TutorialMasterVC.swift */; };
		B04C09F127019F44003A5979 /* icon03.png in Resources */ = {isa = PBXBuildFile; fileRef = B04C09E527019F44003A5979 /* icon03.png */; };
		B04C09F227019F44003A5979 /* icon04.png in Resources */ = {isa = PBXBuildFile; fileRef = B04C09E627019F44003A5979 /* icon04.png */; };
		B04C09F327019F44003A5979 /* button-bg.png in Resources */ = {isa = PBXBuildFile; fileRef = B04C09E727019F44003A5979 /* button-bg.png */; };
		B04C09F427019F44003A5979 /* icon05.png in Resources */ = {isa = PBXBuildFile; fileRef = B04C09E827019F44003A5979 /* icon05.png */; };
		B04C09F527019F44003A5979 /* sidemenu.png in Resources */ = {isa = PBXBuildFile; fileRef = B04C09E927019F44003A5979 /* sidemenu.png */; };
		B04C09F627019F44003A5979 /* warning-icon-60@2x.png in Resources */ = {isa = PBXBuildFile; fileRef = B04C09EA27019F44003A5979 /* warning-icon-60@2x.png */; };
		B04C09F727019F44003A5979 /* memo-background@2x.png in Resources */ = {isa = PBXBuildFile; fileRef = B04C09EB27019F44003A5979 /* memo-background@2x.png */; };
		B04C09F827019F44003A5979 /* profile-bg.png in Resources */ = {isa = PBXBuildFile; fileRef = B04C09EC27019F44003A5979 /* profile-bg.png */; };
		B04C09F927019F44003A5979 /* icon01.png in Resources */ = {isa = PBXBuildFile; fileRef = B04C09ED27019F44003A5979 /* icon01.png */; };
		B04C09FA27019F44003A5979 /* icon02.png in Resources */ = {isa = PBXBuildFile; fileRef = B04C09EE27019F44003A5979 /* icon02.png */; };
		B04C09FB27019F44003A5979 /* account@2x.jpg in Resources */ = {isa = PBXBuildFile; fileRef = B04C09EF27019F44003A5979 /* account@2x.jpg */; };
		B04C09FC27019F44003A5979 /* icon06.png in Resources */ = {isa = PBXBuildFile; fileRef = B04C09F027019F44003A5979 /* icon06.png */; };
		B05C04B526F30E6D00CD9BCC /* SideBarVC.swift in Sources */ = {isa = PBXBuildFile; fileRef = B05C04B426F30E6D00CD9BCC /* SideBarVC.swift */; };
		B05C04B726F313F500CD9BCC /* ProfileVC.swift in Sources */ = {isa = PBXBuildFile; fileRef = B05C04B626F313F500CD9BCC /* ProfileVC.swift */; };
		B09E957827003F8400D1C46A /* MemoDAO.swift in Sources */ = {isa = PBXBuildFile; fileRef = B09E957727003F8400D1C46A /* MemoDAO.swift */; };
		B0B59AFB26F1D39D0000891F /* SWRevealViewController.m in Sources */ = {isa = PBXBuildFile; fileRef = B0B59AFA26F1D39D0000891F /* SWRevealViewController.m */; };
/* End PBXBuildFile section */

/* Begin PBXFileReference section */
		B00432F926EF7C9C00AEAFE2 /* MyMemory.app */ = {isa = PBXFileReference; explicitFileType = wrapper.application; includeInIndex = 0; path = MyMemory.app; sourceTree = BUILT_PRODUCTS_DIR; };
		B00432FC26EF7C9C00AEAFE2 /* AppDelegate.swift */ = {isa = PBXFileReference; lastKnownFileType = sourcecode.swift; path = AppDelegate.swift; sourceTree = "<group>"; };
		B00432FE26EF7C9C00AEAFE2 /* SceneDelegate.swift */ = {isa = PBXFileReference; lastKnownFileType = sourcecode.swift; path = SceneDelegate.swift; sourceTree = "<group>"; };
		B004330026EF7C9C00AEAFE2 /* ViewController.swift */ = {isa = PBXFileReference; lastKnownFileType = sourcecode.swift; path = ViewController.swift; sourceTree = "<group>"; };
		B004330326EF7C9C00AEAFE2 /* Base */ = {isa = PBXFileReference; lastKnownFileType = file.storyboard; name = Base; path = Base.lproj/Main.storyboard; sourceTree = "<group>"; };
		B004330626EF7C9C00AEAFE2 /* MyMemory.xcdatamodel */ = {isa = PBXFileReference; lastKnownFileType = wrapper.xcdatamodel; path = MyMemory.xcdatamodel; sourceTree = "<group>"; };
		B004330826EF7C9D00AEAFE2 /* Assets.xcassets */ = {isa = PBXFileReference; lastKnownFileType = folder.assetcatalog; path = Assets.xcassets; sourceTree = "<group>"; };
		B004330B26EF7C9D00AEAFE2 /* Base */ = {isa = PBXFileReference; lastKnownFileType = file.storyboard; name = Base; path = Base.lproj/LaunchScreen.storyboard; sourceTree = "<group>"; };
		B004330D26EF7C9D00AEAFE2 /* Info.plist */ = {isa = PBXFileReference; lastKnownFileType = text.plist.xml; path = Info.plist; sourceTree = "<group>"; };
		B004331326EF81EF00AEAFE2 /* MemoListVC.swift */ = {isa = PBXFileReference; lastKnownFileType = sourcecode.swift; path = MemoListVC.swift; sourceTree = "<group>"; };
		B004331526EF820700AEAFE2 /* MemoFormVC.swift */ = {isa = PBXFileReference; lastKnownFileType = sourcecode.swift; path = MemoFormVC.swift; sourceTree = "<group>"; };
		B004331726EF821200AEAFE2 /* MemoReadVC.swift */ = {isa = PBXFileReference; lastKnownFileType = sourcecode.swift; path = MemoReadVC.swift; sourceTree = "<group>"; };
		B004331926EF824000AEAFE2 /* MemoCell.swift */ = {isa = PBXFileReference; lastKnownFileType = sourcecode.swift; path = MemoCell.swift; sourceTree = "<group>"; };
		B004331B26EF826700AEAFE2 /* MemoData.swift */ = {isa = PBXFileReference; lastKnownFileType = sourcecode.swift; path = MemoData.swift; sourceTree = "<group>"; };
		B004331D26F0DF4900AEAFE2 /* CSLogButton.swift */ = {isa = PBXFileReference; lastKnownFileType = sourcecode.swift; path = CSLogButton.swift; sourceTree = "<group>"; };
		B004332226F0E27600AEAFE2 /* fountainpen@2x.png */ = {isa = PBXFileReference; lastKnownFileType = image.png; name = "fountainpen@2x.png"; path = "MyMemory/Assets.xcassets/fountainpen.imageset/fountainpen@2x.png"; sourceTree = SOURCE_ROOT; };
		B04812D426F4A82B007A1006 /* UserInfoManager.swift */ = {isa = PBXFileReference; lastKnownFileType = sourcecode.swift; path = UserInfoManager.swift; sourceTree = "<group>"; };
		B04812D626F4BC59007A1006 /* Tutorial.storyboard */ = {isa = PBXFileReference; lastKnownFileType = file.storyboard; path = Tutorial.storyboard; sourceTree = "<group>"; };
		B04812D826F4BF96007A1006 /* Utils.swift */ = {isa = PBXFileReference; lastKnownFileType = sourcecode.swift; path = Utils.swift; sourceTree = "<group>"; };
		B04812DA26F4C03A007A1006 /* TutorialContentsVC.swift */ = {isa = PBXFileReference; lastKnownFileType = sourcecode.swift; path = TutorialContentsVC.swift; sourceTree = "<group>"; };
		B04812DD26F4C1A9007A1006 /* TutorialMasterVC.swift */ = {isa = PBXFileReference; lastKnownFileType = sourcecode.swift; path = TutorialMasterVC.swift; sourceTree = "<group>"; };
		B04C09E527019F44003A5979 /* icon03.png */ = {isa = PBXFileReference; lastKnownFileType = image.png; path = icon03.png; sourceTree = "<group>"; };
		B04C09E627019F44003A5979 /* icon04.png */ = {isa = PBXFileReference; lastKnownFileType = image.png; path = icon04.png; sourceTree = "<group>"; };
		B04C09E727019F44003A5979 /* button-bg.png */ = {isa = PBXFileReference; lastKnownFileType = image.png; path = "button-bg.png"; sourceTree = "<group>"; };
		B04C09E827019F44003A5979 /* icon05.png */ = {isa = PBXFileReference; lastKnownFileType = image.png; path = icon05.png; sourceTree = "<group>"; };
		B04C09E927019F44003A5979 /* sidemenu.png */ = {isa = PBXFileReference; lastKnownFileType = image.png; path = sidemenu.png; sourceTree = "<group>"; };
		B04C09EA27019F44003A5979 /* warning-icon-60@2x.png */ = {isa = PBXFileReference; lastKnownFileType = image.png; path = "warning-icon-60@2x.png"; sourceTree = "<group>"; };
		B04C09EB27019F44003A5979 /* memo-background@2x.png */ = {isa = PBXFileReference; lastKnownFileType = image.png; path = "memo-background@2x.png"; sourceTree = "<group>"; };
		B04C09EC27019F44003A5979 /* profile-bg.png */ = {isa = PBXFileReference; lastKnownFileType = image.png; path = "profile-bg.png"; sourceTree = "<group>"; };
		B04C09ED27019F44003A5979 /* icon01.png */ = {isa = PBXFileReference; lastKnownFileType = image.png; path = icon01.png; sourceTree = "<group>"; };
		B04C09EE27019F44003A5979 /* icon02.png */ = {isa = PBXFileReference; lastKnownFileType = image.png; path = icon02.png; sourceTree = "<group>"; };
		B04C09EF27019F44003A5979 /* account@2x.jpg */ = {isa = PBXFileReference; lastKnownFileType = image.jpeg; path = "account@2x.jpg"; sourceTree = "<group>"; };
		B04C09F027019F44003A5979 /* icon06.png */ = {isa = PBXFileReference; lastKnownFileType = image.png; path = icon06.png; sourceTree = "<group>"; };
		B05C04B426F30E6D00CD9BCC /* SideBarVC.swift */ = {isa = PBXFileReference; lastKnownFileType = sourcecode.swift; path = SideBarVC.swift; sourceTree = "<group>"; };
		B05C04B626F313F500CD9BCC /* ProfileVC.swift */ = {isa = PBXFileReference; lastKnownFileType = sourcecode.swift; path = ProfileVC.swift; sourceTree = "<group>"; };
		B09E957727003F8400D1C46A /* MemoDAO.swift */ = {isa = PBXFileReference; lastKnownFileType = sourcecode.swift; path = MemoDAO.swift; sourceTree = "<group>"; };
		B0B59AF826F1D39C0000891F /* MyMemory-Bridging-Header.h */ = {isa = PBXFileReference; lastKnownFileType = sourcecode.c.h; path = "MyMemory-Bridging-Header.h"; sourceTree = "<group>"; };
		B0B59AF926F1D39D0000891F /* SWRevealViewController.h */ = {isa = PBXFileReference; fileEncoding = 4; lastKnownFileType = sourcecode.c.h; name = SWRevealViewController.h; path = "../../../Downloads/SWRevealViewController-master/SWRevealViewController/SWRevealViewController.h"; sourceTree = "<group>"; };
		B0B59AFA26F1D39D0000891F /* SWRevealViewController.m */ = {isa = PBXFileReference; fileEncoding = 4; lastKnownFileType = sourcecode.c.objc; name = SWRevealViewController.m; path = "../../../Downloads/SWRevealViewController-master/SWRevealViewController/SWRevealViewController.m"; sourceTree = "<group>"; };
/* End PBXFileReference section */

/* Begin PBXFrameworksBuildPhase section */
		B00432F626EF7C9C00AEAFE2 /* Frameworks */ = {
			isa = PBXFrameworksBuildPhase;
			buildActionMask = 2147483647;
			files = (
			);
			runOnlyForDeploymentPostprocessing = 0;
		};
/* End PBXFrameworksBuildPhase section */

/* Begin PBXGroup section */
		B00432F026EF7C9C00AEAFE2 = {
			isa = PBXGroup;
			children = (
				B004331F26F0E09A00AEAFE2 /* Resource */,
				B00432FB26EF7C9C00AEAFE2 /* MyMemory */,
				B00432FA26EF7C9C00AEAFE2 /* Products */,
			);
			sourceTree = "<group>";
		};
		B00432FA26EF7C9C00AEAFE2 /* Products */ = {
			isa = PBXGroup;
			children = (
				B00432F926EF7C9C00AEAFE2 /* MyMemory.app */,
			);
			name = Products;
			sourceTree = "<group>";
		};
		B00432FB26EF7C9C00AEAFE2 /* MyMemory */ = {
			isa = PBXGroup;
			children = (
				B04812DC26F4C057007A1006 /* Tutorial */,
				B0B59AF926F1D39D0000891F /* SWRevealViewController.h */,
				B0B59AFA26F1D39D0000891F /* SWRevealViewController.m */,
				B04812D426F4A82B007A1006 /* UserInfoManager.swift */,
				B04812D826F4BF96007A1006 /* Utils.swift */,
				B00432FC26EF7C9C00AEAFE2 /* AppDelegate.swift */,
				B00432FE26EF7C9C00AEAFE2 /* SceneDelegate.swift */,
				B004330026EF7C9C00AEAFE2 /* ViewController.swift */,
				B004330226EF7C9C00AEAFE2 /* Main.storyboard */,
				B004330826EF7C9D00AEAFE2 /* Assets.xcassets */,
				B004330A26EF7C9D00AEAFE2 /* LaunchScreen.storyboard */,
				B004330D26EF7C9D00AEAFE2 /* Info.plist */,
				B004330526EF7C9C00AEAFE2 /* MyMemory.xcdatamodeld */,
				B09E957727003F8400D1C46A /* MemoDAO.swift */,
				B004331326EF81EF00AEAFE2 /* MemoListVC.swift */,
				B004331526EF820700AEAFE2 /* MemoFormVC.swift */,
				B004331726EF821200AEAFE2 /* MemoReadVC.swift */,
				B004331926EF824000AEAFE2 /* MemoCell.swift */,
				B004331B26EF826700AEAFE2 /* MemoData.swift */,
				B004331D26F0DF4900AEAFE2 /* CSLogButton.swift */,
				B05C04B426F30E6D00CD9BCC /* SideBarVC.swift */,
				B05C04B626F313F500CD9BCC /* ProfileVC.swift */,
				B0B59AF826F1D39C0000891F /* MyMemory-Bridging-Header.h */,
			);
			path = MyMemory;
			sourceTree = "<group>";
		};
		B004331F26F0E09A00AEAFE2 /* Resource */ = {
			isa = PBXGroup;
			children = (
				B04C09EF27019F44003A5979 /* account@2x.jpg */,
				B04C09E727019F44003A5979 /* button-bg.png */,
				B04C09ED27019F44003A5979 /* icon01.png */,
				B04C09EE27019F44003A5979 /* icon02.png */,
				B04C09E527019F44003A5979 /* icon03.png */,
				B04C09E627019F44003A5979 /* icon04.png */,
				B04C09E827019F44003A5979 /* icon05.png */,
				B04C09F027019F44003A5979 /* icon06.png */,
				B04C09EB27019F44003A5979 /* memo-background@2x.png */,
				B04C09EC27019F44003A5979 /* profile-bg.png */,
				B04C09E927019F44003A5979 /* sidemenu.png */,
				B04C09EA27019F44003A5979 /* warning-icon-60@2x.png */,
				B004332226F0E27600AEAFE2 /* fountainpen@2x.png */,
			);
			path = Resource;
			sourceTree = "<group>";
		};
		B04812DC26F4C057007A1006 /* Tutorial */ = {
			isa = PBXGroup;
			children = (
				B04812D626F4BC59007A1006 /* Tutorial.storyboard */,
				B04812DA26F4C03A007A1006 /* TutorialContentsVC.swift */,
				B04812DD26F4C1A9007A1006 /* TutorialMasterVC.swift */,
			);
			path = Tutorial;
			sourceTree = "<group>";
		};
/* End PBXGroup section */

/* Begin PBXNativeTarget section */
		B00432F826EF7C9C00AEAFE2 /* MyMemory */ = {
			isa = PBXNativeTarget;
			buildConfigurationList = B004331026EF7C9D00AEAFE2 /* Build configuration list for PBXNativeTarget "MyMemory" */;
			buildPhases = (
				B00432F526EF7C9C00AEAFE2 /* Sources */,
				B00432F626EF7C9C00AEAFE2 /* Frameworks */,
				B00432F726EF7C9C00AEAFE2 /* Resources */,
			);
			buildRules = (
			);
			dependencies = (
			);
			name = MyMemory;
			productName = MyMemory;
			productReference = B00432F926EF7C9C00AEAFE2 /* MyMemory.app */;
			productType = "com.apple.product-type.application";
		};
/* End PBXNativeTarget section */

/* Begin PBXProject section */
		B00432F126EF7C9C00AEAFE2 /* Project object */ = {
			isa = PBXProject;
			attributes = {
				LastSwiftUpdateCheck = 1250;
				LastUpgradeCheck = 1250;
				TargetAttributes = {
					B00432F826EF7C9C00AEAFE2 = {
						CreatedOnToolsVersion = 12.5.1;
						LastSwiftMigration = 1250;
					};
				};
			};
			buildConfigurationList = B00432F426EF7C9C00AEAFE2 /* Build configuration list for PBXProject "MyMemory" */;
			compatibilityVersion = "Xcode 9.3";
			developmentRegion = en;
			hasScannedForEncodings = 0;
			knownRegions = (
				en,
				Base,
			);
			mainGroup = B00432F026EF7C9C00AEAFE2;
			productRefGroup = B00432FA26EF7C9C00AEAFE2 /* Products */;
			projectDirPath = "";
			projectRoot = "";
			targets = (
				B00432F826EF7C9C00AEAFE2 /* MyMemory */,
			);
		};
/* End PBXProject section */

/* Begin PBXResourcesBuildPhase section */
		B00432F726EF7C9C00AEAFE2 /* Resources */ = {
			isa = PBXResourcesBuildPhase;
			buildActionMask = 2147483647;
			files = (
				B04C09F527019F44003A5979 /* sidemenu.png in Resources */,
				B04C09F427019F44003A5979 /* icon05.png in Resources */,
				B04C09F327019F44003A5979 /* button-bg.png in Resources */,
				B004330C26EF7C9D00AEAFE2 /* LaunchScreen.storyboard in Resources */,
				B04C09F927019F44003A5979 /* icon01.png in Resources */,
				B04C09F127019F44003A5979 /* icon03.png in Resources */,
				B004330926EF7C9D00AEAFE2 /* Assets.xcassets in Resources */,
				B04C09F627019F44003A5979 /* warning-icon-60@2x.png in Resources */,
				B04C09FB27019F44003A5979 /* account@2x.jpg in Resources */,
				B004332326F0E27600AEAFE2 /* fountainpen@2x.png in Resources */,
				B04C09F827019F44003A5979 /* profile-bg.png in Resources */,
				B04C09F727019F44003A5979 /* memo-background@2x.png in Resources */,
				B04812D726F4BC59007A1006 /* Tutorial.storyboard in Resources */,
				B04C09F227019F44003A5979 /* icon04.png in Resources */,
				B004330426EF7C9C00AEAFE2 /* Main.storyboard in Resources */,
				B04C09FC27019F44003A5979 /* icon06.png in Resources */,
				B04C09FA27019F44003A5979 /* icon02.png in Resources */,
			);
			runOnlyForDeploymentPostprocessing = 0;
		};
/* End PBXResourcesBuildPhase section */

/* Begin PBXSourcesBuildPhase section */
		B00432F526EF7C9C00AEAFE2 /* Sources */ = {
			isa = PBXSourcesBuildPhase;
			buildActionMask = 2147483647;
			files = (
				B04812D526F4A82B007A1006 /* UserInfoManager.swift in Sources */,
				B004330726EF7C9C00AEAFE2 /* MyMemory.xcdatamodeld in Sources */,
				B004331426EF81EF00AEAFE2 /* MemoListVC.swift in Sources */,
				B004331626EF820700AEAFE2 /* MemoFormVC.swift in Sources */,
				B004330126EF7C9C00AEAFE2 /* ViewController.swift in Sources */,
				B04812D926F4BF96007A1006 /* Utils.swift in Sources */,
				B00432FD26EF7C9C00AEAFE2 /* AppDelegate.swift in Sources */,
				B05C04B526F30E6D00CD9BCC /* SideBarVC.swift in Sources */,
				B00432FF26EF7C9C00AEAFE2 /* SceneDelegate.swift in Sources */,
				B004331E26F0DF4A00AEAFE2 /* CSLogButton.swift in Sources */,
				B05C04B726F313F500CD9BCC /* ProfileVC.swift in Sources */,
				B004331C26EF826700AEAFE2 /* MemoData.swift in Sources */,
				B0B59AFB26F1D39D0000891F /* SWRevealViewController.m in Sources */,
				B004331826EF821200AEAFE2 /* MemoReadVC.swift in Sources */,
				B04812DE26F4C1A9007A1006 /* TutorialMasterVC.swift in Sources */,
				B04812DB26F4C03A007A1006 /* TutorialContentsVC.swift in Sources */,
				B09E957827003F8400D1C46A /* MemoDAO.swift in Sources */,
				B004331A26EF824000AEAFE2 /* MemoCell.swift in Sources */,
			);
			runOnlyForDeploymentPostprocessing = 0;
		};
/* End PBXSourcesBuildPhase section */

/* Begin PBXVariantGroup section */
		B004330226EF7C9C00AEAFE2 /* Main.storyboard */ = {
			isa = PBXVariantGroup;
			children = (
				B004330326EF7C9C00AEAFE2 /* Base */,
			);
			name = Main.storyboard;
			sourceTree = "<group>";
		};
		B004330A26EF7C9D00AEAFE2 /* LaunchScreen.storyboard */ = {
			isa = PBXVariantGroup;
			children = (
				B004330B26EF7C9D00AEAFE2 /* Base */,
			);
			name = LaunchScreen.storyboard;
			sourceTree = "<group>";
		};
/* End PBXVariantGroup section */

/* Begin XCBuildConfiguration section */
		B004330E26EF7C9D00AEAFE2 /* Debug */ = {
			isa = XCBuildConfiguration;
			buildSettings = {
				ALWAYS_SEARCH_USER_PATHS = NO;
				CLANG_ANALYZER_NONNULL = YES;
				CLANG_ANALYZER_NUMBER_OBJECT_CONVERSION = YES_AGGRESSIVE;
				CLANG_CXX_LANGUAGE_STANDARD = "gnu++14";
				CLANG_CXX_LIBRARY = "libc++";
				CLANG_ENABLE_MODULES = YES;
				CLANG_ENABLE_OBJC_ARC = YES;
				CLANG_ENABLE_OBJC_WEAK = YES;
				CLANG_WARN_BLOCK_CAPTURE_AUTORELEASING = YES;
				CLANG_WARN_BOOL_CONVERSION = YES;
				CLANG_WARN_COMMA = YES;
				CLANG_WARN_CONSTANT_CONVERSION = YES;
				CLANG_WARN_DEPRECATED_OBJC_IMPLEMENTATIONS = YES;
				CLANG_WARN_DIRECT_OBJC_ISA_USAGE = YES_ERROR;
				CLANG_WARN_DOCUMENTATION_COMMENTS = YES;
				CLANG_WARN_EMPTY_BODY = YES;
				CLANG_WARN_ENUM_CONVERSION = YES;
				CLANG_WARN_INFINITE_RECURSION = YES;
				CLANG_WARN_INT_CONVERSION = YES;
				CLANG_WARN_NON_LITERAL_NULL_CONVERSION = YES;
				CLANG_WARN_OBJC_IMPLICIT_RETAIN_SELF = YES;
				CLANG_WARN_OBJC_LITERAL_CONVERSION = YES;
				CLANG_WARN_OBJC_ROOT_CLASS = YES_ERROR;
				CLANG_WARN_QUOTED_INCLUDE_IN_FRAMEWORK_HEADER = YES;
				CLANG_WARN_RANGE_LOOP_ANALYSIS = YES;
				CLANG_WARN_STRICT_PROTOTYPES = YES;
				CLANG_WARN_SUSPICIOUS_MOVE = YES;
				CLANG_WARN_UNGUARDED_AVAILABILITY = YES_AGGRESSIVE;
				CLANG_WARN_UNREACHABLE_CODE = YES;
				CLANG_WARN__DUPLICATE_METHOD_MATCH = YES;
				COPY_PHASE_STRIP = NO;
				DEBUG_INFORMATION_FORMAT = dwarf;
				ENABLE_STRICT_OBJC_MSGSEND = YES;
				ENABLE_TESTABILITY = YES;
				GCC_C_LANGUAGE_STANDARD = gnu11;
				GCC_DYNAMIC_NO_PIC = NO;
				GCC_NO_COMMON_BLOCKS = YES;
				GCC_OPTIMIZATION_LEVEL = 0;
				GCC_PREPROCESSOR_DEFINITIONS = (
					"DEBUG=1",
					"$(inherited)",
				);
				GCC_WARN_64_TO_32_BIT_CONVERSION = YES;
				GCC_WARN_ABOUT_RETURN_TYPE = YES_ERROR;
				GCC_WARN_UNDECLARED_SELECTOR = YES;
				GCC_WARN_UNINITIALIZED_AUTOS = YES_AGGRESSIVE;
				GCC_WARN_UNUSED_FUNCTION = YES;
				GCC_WARN_UNUSED_VARIABLE = YES;
				IPHONEOS_DEPLOYMENT_TARGET = 14.5;
				MTL_ENABLE_DEBUG_INFO = INCLUDE_SOURCE;
				MTL_FAST_MATH = YES;
				ONLY_ACTIVE_ARCH = YES;
				SDKROOT = iphoneos;
				SWIFT_ACTIVE_COMPILATION_CONDITIONS = DEBUG;
				SWIFT_OPTIMIZATION_LEVEL = "-Onone";
			};
			name = Debug;
		};
		B004330F26EF7C9D00AEAFE2 /* Release */ = {
			isa = XCBuildConfiguration;
			buildSettings = {
				ALWAYS_SEARCH_USER_PATHS = NO;
				CLANG_ANALYZER_NONNULL = YES;
				CLANG_ANALYZER_NUMBER_OBJECT_CONVERSION = YES_AGGRESSIVE;
				CLANG_CXX_LANGUAGE_STANDARD = "gnu++14";
				CLANG_CXX_LIBRARY = "libc++";
				CLANG_ENABLE_MODULES = YES;
				CLANG_ENABLE_OBJC_ARC = YES;
				CLANG_ENABLE_OBJC_WEAK = YES;
				CLANG_WARN_BLOCK_CAPTURE_AUTORELEASING = YES;
				CLANG_WARN_BOOL_CONVERSION = YES;
				CLANG_WARN_COMMA = YES;
				CLANG_WARN_CONSTANT_CONVERSION = YES;
				CLANG_WARN_DEPRECATED_OBJC_IMPLEMENTATIONS = YES;
				CLANG_WARN_DIRECT_OBJC_ISA_USAGE = YES_ERROR;
				CLANG_WARN_DOCUMENTATION_COMMENTS = YES;
				CLANG_WARN_EMPTY_BODY = YES;
				CLANG_WARN_ENUM_CONVERSION = YES;
				CLANG_WARN_INFINITE_RECURSION = YES;
				CLANG_WARN_INT_CONVERSION = YES;
				CLANG_WARN_NON_LITERAL_NULL_CONVERSION = YES;
				CLANG_WARN_OBJC_IMPLICIT_RETAIN_SELF = YES;
				CLANG_WARN_OBJC_LITERAL_CONVERSION = YES;
				CLANG_WARN_OBJC_ROOT_CLASS = YES_ERROR;
				CLANG_WARN_QUOTED_INCLUDE_IN_FRAMEWORK_HEADER = YES;
				CLANG_WARN_RANGE_LOOP_ANALYSIS = YES;
				CLANG_WARN_STRICT_PROTOTYPES = YES;
				CLANG_WARN_SUSPICIOUS_MOVE = YES;
				CLANG_WARN_UNGUARDED_AVAILABILITY = YES_AGGRESSIVE;
				CLANG_WARN_UNREACHABLE_CODE = YES;
				CLANG_WARN__DUPLICATE_METHOD_MATCH = YES;
				COPY_PHASE_STRIP = NO;
				DEBUG_INFORMATION_FORMAT = "dwarf-with-dsym";
				ENABLE_NS_ASSERTIONS = NO;
				ENABLE_STRICT_OBJC_MSGSEND = YES;
				GCC_C_LANGUAGE_STANDARD = gnu11;
				GCC_NO_COMMON_BLOCKS = YES;
				GCC_WARN_64_TO_32_BIT_CONVERSION = YES;
				GCC_WARN_ABOUT_RETURN_TYPE = YES_ERROR;
				GCC_WARN_UNDECLARED_SELECTOR = YES;
				GCC_WARN_UNINITIALIZED_AUTOS = YES_AGGRESSIVE;
				GCC_WARN_UNUSED_FUNCTION = YES;
				GCC_WARN_UNUSED_VARIABLE = YES;
				IPHONEOS_DEPLOYMENT_TARGET = 14.5;
				MTL_ENABLE_DEBUG_INFO = NO;
				MTL_FAST_MATH = YES;
				SDKROOT = iphoneos;
				SWIFT_COMPILATION_MODE = wholemodule;
				SWIFT_OPTIMIZATION_LEVEL = "-O";
				VALIDATE_PRODUCT = YES;
			};
			name = Release;
		};
		B004331126EF7C9D00AEAFE2 /* Debug */ = {
			isa = XCBuildConfiguration;
			buildSettings = {
				ASSETCATALOG_COMPILER_APPICON_NAME = AppIcon;
				ASSETCATALOG_COMPILER_GLOBAL_ACCENT_COLOR_NAME = AccentColor;
				CLANG_ENABLE_MODULES = YES;
				CODE_SIGN_STYLE = Automatic;
				DEVELOPMENT_TEAM = 54995R63TR;
				INFOPLIST_FILE = MyMemory/Info.plist;
				LD_RUNPATH_SEARCH_PATHS = (
					"$(inherited)",
					"@executable_path/Frameworks",
				);
				PRODUCT_BUNDLE_IDENTIFIER = com.hongseokeun.MyMemory;
				PRODUCT_NAME = "$(TARGET_NAME)";
				SWIFT_OBJC_BRIDGING_HEADER = "MyMemory/MyMemory-Bridging-Header.h";
				SWIFT_OPTIMIZATION_LEVEL = "-Onone";
				SWIFT_VERSION = 5.0;
				TARGETED_DEVICE_FAMILY = "1,2";
			};
			name = Debug;
		};
		B004331226EF7C9D00AEAFE2 /* Release */ = {
			isa = XCBuildConfiguration;
			buildSettings = {
				ASSETCATALOG_COMPILER_APPICON_NAME = AppIcon;
				ASSETCATALOG_COMPILER_GLOBAL_ACCENT_COLOR_NAME = AccentColor;
				CLANG_ENABLE_MODULES = YES;
				CODE_SIGN_STYLE = Automatic;
				DEVELOPMENT_TEAM = 54995R63TR;
				INFOPLIST_FILE = MyMemory/Info.plist;
				LD_RUNPATH_SEARCH_PATHS = (
					"$(inherited)",
					"@executable_path/Frameworks",
				);
				PRODUCT_BUNDLE_IDENTIFIER = com.hongseokeun.MyMemory;
				PRODUCT_NAME = "$(TARGET_NAME)";
				SWIFT_OBJC_BRIDGING_HEADER = "MyMemory/MyMemory-Bridging-Header.h";
				SWIFT_VERSION = 5.0;
				TARGETED_DEVICE_FAMILY = "1,2";
			};
			name = Release;
		};
/* End XCBuildConfiguration section */

/* Begin XCConfigurationList section */
		B00432F426EF7C9C00AEAFE2 /* Build configuration list for PBXProject "MyMemory" */ = {
			isa = XCConfigurationList;
			buildConfigurations = (
				B004330E26EF7C9D00AEAFE2 /* Debug */,
				B004330F26EF7C9D00AEAFE2 /* Release */,
			);
			defaultConfigurationIsVisible = 0;
			defaultConfigurationName = Release;
		};
		B004331026EF7C9D00AEAFE2 /* Build configuration list for PBXNativeTarget "MyMemory" */ = {
			isa = XCConfigurationList;
			buildConfigurations = (
				B004331126EF7C9D00AEAFE2 /* Debug */,
				B004331226EF7C9D00AEAFE2 /* Release */,
			);
			defaultConfigurationIsVisible = 0;
			defaultConfigurationName = Release;
		};
/* End XCConfigurationList section */

/* Begin XCVersionGroup section */
		B004330526EF7C9C00AEAFE2 /* MyMemory.xcdatamodeld */ = {
			isa = XCVersionGroup;
			children = (
				B004330626EF7C9C00AEAFE2 /* MyMemory.xcdatamodel */,
			);
			currentVersion = B004330626EF7C9C00AEAFE2 /* MyMemory.xcdatamodel */;
			path = MyMemory.xcdatamodeld;
			sourceTree = "<group>";
			versionGroupType = wrapper.xcdatamodel;
		};
/* End XCVersionGroup section */
	};
	rootObject = B00432F126EF7C9C00AEAFE2 /* Project object */;
}
